
Microsoft Visual Studio Solution File, Format Version 12.00
# Visual Studio 15
VisualStudioVersion = 15.0.27130.2036
MinimumVisualStudioVersion = 10.0.40219.1
Project("{FAE04EC0-301F-11D3-BF4B-00C04F79EFBC}") = "HashTable_Calisma", "HashTable_Calisma\HashTable_Calisma.csproj", "{153679DC-238F-4834-850C-42044CA65EAE}"
EndProject
Global
	GlobalSection(SolutionConfigurationPlatforms) = preSolution
		Debug|Any CPU = Debug|Any CPU
		Release|Any CPU = Release|Any CPU
	EndGlobalSection
	GlobalSection(ProjectConfigurationPlatforms) = postSolution
		{153679DC-238F-4834-850C-42044CA65EAE}.Debug|Any CPU.ActiveCfg = Debug|Any CPU
		{153679DC-238F-4834-850C-42044CA65EAE}.Debug|Any CPU.Build.0 = Debug|Any CPU
		{153679DC-238F-4834-850C-42044CA65EAE}.Release|Any CPU.ActiveCfg = Release|Any CPU
		{153679DC-238F-4834-850C-42044CA65EAE}.Release|Any CPU.Build.0 = Release|Any CPU
	EndGlobalSection
	GlobalSection(SolutionProperties) = preSolution
		HideSolutionNode = FALSE
	EndGlobalSection
	GlobalSection(ExtensibilityGlobals) = postSolution
		SolutionGuid = {9A200CCD-99C0-4C3A-A42F-3B27AF1EA1A8}
	EndGlobalSection
EndGlobal
