
Microsoft Visual Studio Solution File, Format Version 12.00
# Visual Studio 15
VisualStudioVersion = 15.0.27130.2036
MinimumVisualStudioVersion = 10.0.40219.1
Project("{FAE04EC0-301F-11D3-BF4B-00C04F79EFBC}") = "DegiskenTipi", "DegiskenTipi\DegiskenTipi.csproj", "{90C7E268-61AC-497E-9110-BD7123ADF6B3}"
EndProject
Global
	GlobalSection(SolutionConfigurationPlatforms) = preSolution
		Debug|Any CPU = Debug|Any CPU
		Release|Any CPU = Release|Any CPU
	EndGlobalSection
	GlobalSection(ProjectConfigurationPlatforms) = postSolution
		{90C7E268-61AC-497E-9110-BD7123ADF6B3}.Debug|Any CPU.ActiveCfg = Debug|Any CPU
		{90C7E268-61AC-497E-9110-BD7123ADF6B3}.Debug|Any CPU.Build.0 = Debug|Any CPU
		{90C7E268-61AC-497E-9110-BD7123ADF6B3}.Release|Any CPU.ActiveCfg = Release|Any CPU
		{90C7E268-61AC-497E-9110-BD7123ADF6B3}.Release|Any CPU.Build.0 = Release|Any CPU
	EndGlobalSection
	GlobalSection(SolutionProperties) = preSolution
		HideSolutionNode = FALSE
	EndGlobalSection
	GlobalSection(ExtensibilityGlobals) = postSolution
		SolutionGuid = {691C9564-5D5F-4E63-8CAA-100290D0F6D9}
	EndGlobalSection
EndGlobal
